
Microsoft Visual Studio Solution File, Format Version 12.00
# Visual Studio Version 17
VisualStudioVersion = 17.3.32929.385
MinimumVisualStudioVersion = 10.0.40219.1
Project("{8BC9CEB8-8B4A-11D0-8D11-00A0C91BC942}") = "Gicame", "Gicame\Gicame.vcxproj", "{DE37DC5B-B3BF-477F-949D-5507786879FD}"
EndProject
Project("{8BC9CEB8-8B4A-11D0-8D11-00A0C91BC942}") = "Example-RpcClientOverTcp", "Example-RpcClientOverTcp\Example-RpcClientOverTcp.vcxproj", "{FBF8A579-135A-4F14-A095-F84C2259E0B6}"
EndProject
Project("{8BC9CEB8-8B4A-11D0-8D11-00A0C91BC942}") = "Example-RpcServerOverTcp", "Example-RpcServerOverTcp\Example-RpcServerOverTcp.vcxproj", "{542C9BD0-02FA-44DC-A3DA-880ACA32CA4B}"
EndProject
Project("{8BC9CEB8-8B4A-11D0-8D11-00A0C91BC942}") = "GicameCrypto", "GicameCrypto\GicameCrypto.vcxproj", "{C63630B5-9B13-4A65-B1D8-E14B248E4522}"
EndProject
Project("{8BC9CEB8-8B4A-11D0-8D11-00A0C91BC942}") = "Example-EncryptDecryptFile", "Example-EncryptDecryptFile\Example-EncryptDecryptFile.vcxproj", "{78109B7E-FE8B-49BD-BD52-6F0C9143A7A8}"
EndProject
Project("{8BC9CEB8-8B4A-11D0-8D11-00A0C91BC942}") = "Example-DigitalSign", "Example-DigitalSign\Example-DigitalSign.vcxproj", "{8C9DA575-1665-4E9C-A496-322E83C4D600}"
EndProject
Project("{8BC9CEB8-8B4A-11D0-8D11-00A0C91BC942}") = "Example-SharedMemory", "Example-SharedMemory\Example-SharedMemory.vcxproj", "{58220C18-1BD5-4FDA-B246-9B7C70FA574C}"
EndProject
Project("{8BC9CEB8-8B4A-11D0-8D11-00A0C91BC942}") = "Example-ThreadSyncWithSemaphore", "Example-ThreadSyncWithSemaphore\Example-ThreadSyncWithSemaphore.vcxproj", "{236BCE9E-92D3-402A-901D-79926B9C2C03}"
EndProject
Global
	GlobalSection(SolutionConfigurationPlatforms) = preSolution
		Debug|x64 = Debug|x64
		Debug|x86 = Debug|x86
		Release|x64 = Release|x64
		Release|x86 = Release|x86
	EndGlobalSection
	GlobalSection(ProjectConfigurationPlatforms) = postSolution
		{DE37DC5B-B3BF-477F-949D-5507786879FD}.Debug|x64.ActiveCfg = Debug|x64
		{DE37DC5B-B3BF-477F-949D-5507786879FD}.Debug|x64.Build.0 = Debug|x64
		{DE37DC5B-B3BF-477F-949D-5507786879FD}.Debug|x86.ActiveCfg = Release|Win32
		{DE37DC5B-B3BF-477F-949D-5507786879FD}.Debug|x86.Build.0 = Release|Win32
		{DE37DC5B-B3BF-477F-949D-5507786879FD}.Release|x64.ActiveCfg = Release|x64
		{DE37DC5B-B3BF-477F-949D-5507786879FD}.Release|x64.Build.0 = Release|x64
		{DE37DC5B-B3BF-477F-949D-5507786879FD}.Release|x86.ActiveCfg = Release|Win32
		{DE37DC5B-B3BF-477F-949D-5507786879FD}.Release|x86.Build.0 = Release|Win32
		{FBF8A579-135A-4F14-A095-F84C2259E0B6}.Debug|x64.ActiveCfg = Debug|x64
		{FBF8A579-135A-4F14-A095-F84C2259E0B6}.Debug|x64.Build.0 = Debug|x64
		{FBF8A579-135A-4F14-A095-F84C2259E0B6}.Debug|x86.ActiveCfg = Debug|Win32
		{FBF8A579-135A-4F14-A095-F84C2259E0B6}.Debug|x86.Build.0 = Debug|Win32
		{FBF8A579-135A-4F14-A095-F84C2259E0B6}.Release|x64.ActiveCfg = Release|x64
		{FBF8A579-135A-4F14-A095-F84C2259E0B6}.Release|x64.Build.0 = Release|x64
		{FBF8A579-135A-4F14-A095-F84C2259E0B6}.Release|x86.ActiveCfg = Release|Win32
		{FBF8A579-135A-4F14-A095-F84C2259E0B6}.Release|x86.Build.0 = Release|Win32
		{542C9BD0-02FA-44DC-A3DA-880ACA32CA4B}.Debug|x64.ActiveCfg = Debug|x64
		{542C9BD0-02FA-44DC-A3DA-880ACA32CA4B}.Debug|x64.Build.0 = Debug|x64
		{542C9BD0-02FA-44DC-A3DA-880ACA32CA4B}.Debug|x86.ActiveCfg = Debug|Win32
		{542C9BD0-02FA-44DC-A3DA-880ACA32CA4B}.Debug|x86.Build.0 = Debug|Win32
		{542C9BD0-02FA-44DC-A3DA-880ACA32CA4B}.Release|x64.ActiveCfg = Release|x64
		{542C9BD0-02FA-44DC-A3DA-880ACA32CA4B}.Release|x64.Build.0 = Release|x64
		{542C9BD0-02FA-44DC-A3DA-880ACA32CA4B}.Release|x86.ActiveCfg = Release|Win32
		{542C9BD0-02FA-44DC-A3DA-880ACA32CA4B}.Release|x86.Build.0 = Release|Win32
		{C63630B5-9B13-4A65-B1D8-E14B248E4522}.Debug|x64.ActiveCfg = Debug|x64
		{C63630B5-9B13-4A65-B1D8-E14B248E4522}.Debug|x64.Build.0 = Debug|x64
		{C63630B5-9B13-4A65-B1D8-E14B248E4522}.Debug|x86.ActiveCfg = Debug|Win32
		{C63630B5-9B13-4A65-B1D8-E14B248E4522}.Debug|x86.Build.0 = Debug|Win32
		{C63630B5-9B13-4A65-B1D8-E14B248E4522}.Release|x64.ActiveCfg = Release|x64
		{C63630B5-9B13-4A65-B1D8-E14B248E4522}.Release|x64.Build.0 = Release|x64
		{C63630B5-9B13-4A65-B1D8-E14B248E4522}.Release|x86.ActiveCfg = Release|Win32
		{C63630B5-9B13-4A65-B1D8-E14B248E4522}.Release|x86.Build.0 = Release|Win32
		{78109B7E-FE8B-49BD-BD52-6F0C9143A7A8}.Debug|x64.ActiveCfg = Debug|x64
		{78109B7E-FE8B-49BD-BD52-6F0C9143A7A8}.Debug|x64.Build.0 = Debug|x64
		{78109B7E-FE8B-49BD-BD52-6F0C9143A7A8}.Debug|x86.ActiveCfg = Debug|Win32
		{78109B7E-FE8B-49BD-BD52-6F0C9143A7A8}.Debug|x86.Build.0 = Debug|Win32
		{78109B7E-FE8B-49BD-BD52-6F0C9143A7A8}.Release|x64.ActiveCfg = Release|x64
		{78109B7E-FE8B-49BD-BD52-6F0C9143A7A8}.Release|x64.Build.0 = Release|x64
		{78109B7E-FE8B-49BD-BD52-6F0C9143A7A8}.Release|x86.ActiveCfg = Release|Win32
		{78109B7E-FE8B-49BD-BD52-6F0C9143A7A8}.Release|x86.Build.0 = Release|Win32
		{8C9DA575-1665-4E9C-A496-322E83C4D600}.Debug|x64.ActiveCfg = Debug|x64
		{8C9DA575-1665-4E9C-A496-322E83C4D600}.Debug|x64.Build.0 = Debug|x64
		{8C9DA575-1665-4E9C-A496-322E83C4D600}.Debug|x86.ActiveCfg = Debug|Win32
		{8C9DA575-1665-4E9C-A496-322E83C4D600}.Debug|x86.Build.0 = Debug|Win32
		{8C9DA575-1665-4E9C-A496-322E83C4D600}.Release|x64.ActiveCfg = Release|x64
		{8C9DA575-1665-4E9C-A496-322E83C4D600}.Release|x64.Build.0 = Release|x64
		{8C9DA575-1665-4E9C-A496-322E83C4D600}.Release|x86.ActiveCfg = Release|Win32
		{8C9DA575-1665-4E9C-A496-322E83C4D600}.Release|x86.Build.0 = Release|Win32
		{58220C18-1BD5-4FDA-B246-9B7C70FA574C}.Debug|x64.ActiveCfg = Debug|x64
		{58220C18-1BD5-4FDA-B246-9B7C70FA574C}.Debug|x64.Build.0 = Debug|x64
		{58220C18-1BD5-4FDA-B246-9B7C70FA574C}.Debug|x86.ActiveCfg = Debug|Win32
		{58220C18-1BD5-4FDA-B246-9B7C70FA574C}.Debug|x86.Build.0 = Debug|Win32
		{58220C18-1BD5-4FDA-B246-9B7C70FA574C}.Release|x64.ActiveCfg = Release|x64
		{58220C18-1BD5-4FDA-B246-9B7C70FA574C}.Release|x64.Build.0 = Release|x64
		{58220C18-1BD5-4FDA-B246-9B7C70FA574C}.Release|x86.ActiveCfg = Release|Win32
		{58220C18-1BD5-4FDA-B246-9B7C70FA574C}.Release|x86.Build.0 = Release|Win32
		{236BCE9E-92D3-402A-901D-79926B9C2C03}.Debug|x64.ActiveCfg = Debug|x64
		{236BCE9E-92D3-402A-901D-79926B9C2C03}.Debug|x64.Build.0 = Debug|x64
		{236BCE9E-92D3-402A-901D-79926B9C2C03}.Debug|x86.ActiveCfg = Debug|Win32
		{236BCE9E-92D3-402A-901D-79926B9C2C03}.Debug|x86.Build.0 = Debug|Win32
		{236BCE9E-92D3-402A-901D-79926B9C2C03}.Release|x64.ActiveCfg = Release|x64
		{236BCE9E-92D3-402A-901D-79926B9C2C03}.Release|x64.Build.0 = Release|x64
		{236BCE9E-92D3-402A-901D-79926B9C2C03}.Release|x86.ActiveCfg = Release|Win32
		{236BCE9E-92D3-402A-901D-79926B9C2C03}.Release|x86.Build.0 = Release|Win32
	EndGlobalSection
	GlobalSection(SolutionProperties) = preSolution
		HideSolutionNode = FALSE
	EndGlobalSection
	GlobalSection(ExtensibilityGlobals) = postSolution
		SolutionGuid = {7CF5419D-26E7-42CF-B45B-4E72BE13E170}
	EndGlobalSection
EndGlobal
