
Microsoft Visual Studio Solution File, Format Version 12.00
# Visual Studio Version 17
VisualStudioVersion = 17.3.32929.385
MinimumVisualStudioVersion = 10.0.40219.1
Project("{8BC9CEB8-8B4A-11D0-8D11-00A0C91BC942}") = "Gicame", "Gicame\Gicame.vcxproj", "{DE37DC5B-B3BF-477F-949D-5507786879FD}"
EndProject
Project("{8BC9CEB8-8B4A-11D0-8D11-00A0C91BC942}") = "Example-RpcClientOverTcp", "Example-RpcClientOverTcp\Example-RpcClientOverTcp.vcxproj", "{FBF8A579-135A-4F14-A095-F84C2259E0B6}"
EndProject
Project("{8BC9CEB8-8B4A-11D0-8D11-00A0C91BC942}") = "Example-RpcServerOverTcp", "Example-RpcServerOverTcp\Example-RpcServerOverTcp.vcxproj", "{542C9BD0-02FA-44DC-A3DA-880ACA32CA4B}"
EndProject
Project("{8BC9CEB8-8B4A-11D0-8D11-00A0C91BC942}") = "GicameCrypto", "GicameCrypto\GicameCrypto.vcxproj", "{C63630B5-9B13-4A65-B1D8-E14B248E4522}"
EndProject
Project("{8BC9CEB8-8B4A-11D0-8D11-00A0C91BC942}") = "Example-EncryptDecryptFile", "Example-EncryptDecryptFile\Example-EncryptDecryptFile.vcxproj", "{78109B7E-FE8B-49BD-BD52-6F0C9143A7A8}"
EndProject
Project("{8BC9CEB8-8B4A-11D0-8D11-00A0C91BC942}") = "Example-DigitalSign", "Example-DigitalSign\Example-DigitalSign.vcxproj", "{8C9DA575-1665-4E9C-A496-322E83C4D600}"
EndProject
Project("{8BC9CEB8-8B4A-11D0-8D11-00A0C91BC942}") = "Example-SharedMemory", "Example-SharedMemory\Example-SharedMemory.vcxproj", "{58220C18-1BD5-4FDA-B246-9B7C70FA574C}"
EndProject
Project("{8BC9CEB8-8B4A-11D0-8D11-00A0C91BC942}") = "Example-ThreadSyncWithSemaphore", "Example-ThreadSyncWithSemaphore\Example-ThreadSyncWithSemaphore.vcxproj", "{236BCE9E-92D3-402A-901D-79926B9C2C03}"
EndProject
Project("{8BC9CEB8-8B4A-11D0-8D11-00A0C91BC942}") = "Example-Serialization", "Example-Serialization\Example-Serialization.vcxproj", "{457D156A-6BC2-4337-9311-F08AD46B2D3A}"
EndProject
Project("{8BC9CEB8-8B4A-11D0-8D11-00A0C91BC942}") = "Example-NamedPipeServer", "Example-NamedPipeServer\Example-NamedPipeServer.vcxproj", "{D01C529A-9338-43D1-8341-EFA031BF0D84}"
EndProject
Project("{8BC9CEB8-8B4A-11D0-8D11-00A0C91BC942}") = "Example-NamedPipeClient", "Example-NamedPipeClient\Example-NamedPipeClient.vcxproj", "{C4D15F5A-28C9-47C3-B8A1-28C8FFC9508B}"
EndProject
Project("{8BC9CEB8-8B4A-11D0-8D11-00A0C91BC942}") = "Example-SPSCQueue", "Example-SPSCQueue\Example-SPSCQueue.vcxproj", "{91312658-B48C-4A4E-9FA1-8CE7E8DB1D0F}"
EndProject
Project("{8BC9CEB8-8B4A-11D0-8D11-00A0C91BC942}") = "Tests", "Tests\Tests.vcxproj", "{CA617575-D7B3-40CD-807B-A52FEF0F3C7B}"
EndProject
Global
	GlobalSection(SolutionConfigurationPlatforms) = preSolution
		Debug|x64 = Debug|x64
		Debug|x86 = Debug|x86
		Debug-static|x64 = Debug-static|x64
		Debug-static|x86 = Debug-static|x86
		Realease-static|x64 = Realease-static|x64
		Realease-static|x86 = Realease-static|x86
		Release|x64 = Release|x64
		Release|x86 = Release|x86
		Release-MSVCv141|x64 = Release-MSVCv141|x64
		Release-MSVCv141|x86 = Release-MSVCv141|x86
		Release-static-MSVCv141|x64 = Release-static-MSVCv141|x64
		Release-static-MSVCv141|x86 = Release-static-MSVCv141|x86
	EndGlobalSection
	GlobalSection(ProjectConfigurationPlatforms) = postSolution
		{DE37DC5B-B3BF-477F-949D-5507786879FD}.Debug|x64.ActiveCfg = Debug|x64
		{DE37DC5B-B3BF-477F-949D-5507786879FD}.Debug|x64.Build.0 = Debug|x64
		{DE37DC5B-B3BF-477F-949D-5507786879FD}.Debug|x86.ActiveCfg = Release|Win32
		{DE37DC5B-B3BF-477F-949D-5507786879FD}.Debug|x86.Build.0 = Release|Win32
		{DE37DC5B-B3BF-477F-949D-5507786879FD}.Debug-static|x64.ActiveCfg = Debug-static|x64
		{DE37DC5B-B3BF-477F-949D-5507786879FD}.Debug-static|x64.Build.0 = Debug-static|x64
		{DE37DC5B-B3BF-477F-949D-5507786879FD}.Debug-static|x86.ActiveCfg = Debug-static|Win32
		{DE37DC5B-B3BF-477F-949D-5507786879FD}.Debug-static|x86.Build.0 = Debug-static|Win32
		{DE37DC5B-B3BF-477F-949D-5507786879FD}.Realease-static|x64.ActiveCfg = Realease-static|x64
		{DE37DC5B-B3BF-477F-949D-5507786879FD}.Realease-static|x64.Build.0 = Realease-static|x64
		{DE37DC5B-B3BF-477F-949D-5507786879FD}.Realease-static|x86.ActiveCfg = Realease-static|Win32
		{DE37DC5B-B3BF-477F-949D-5507786879FD}.Realease-static|x86.Build.0 = Realease-static|Win32
		{DE37DC5B-B3BF-477F-949D-5507786879FD}.Release|x64.ActiveCfg = Release|x64
		{DE37DC5B-B3BF-477F-949D-5507786879FD}.Release|x64.Build.0 = Release|x64
		{DE37DC5B-B3BF-477F-949D-5507786879FD}.Release|x86.ActiveCfg = Release|Win32
		{DE37DC5B-B3BF-477F-949D-5507786879FD}.Release|x86.Build.0 = Release|Win32
		{DE37DC5B-B3BF-477F-949D-5507786879FD}.Release-MSVCv141|x64.ActiveCfg = Release-MSVCv141|x64
		{DE37DC5B-B3BF-477F-949D-5507786879FD}.Release-MSVCv141|x64.Build.0 = Release-MSVCv141|x64
		{DE37DC5B-B3BF-477F-949D-5507786879FD}.Release-MSVCv141|x86.ActiveCfg = Release-MSVCv141|Win32
		{DE37DC5B-B3BF-477F-949D-5507786879FD}.Release-MSVCv141|x86.Build.0 = Release-MSVCv141|Win32
		{DE37DC5B-B3BF-477F-949D-5507786879FD}.Release-static-MSVCv141|x64.ActiveCfg = Release-static-MSVCv141|x64
		{DE37DC5B-B3BF-477F-949D-5507786879FD}.Release-static-MSVCv141|x64.Build.0 = Release-static-MSVCv141|x64
		{DE37DC5B-B3BF-477F-949D-5507786879FD}.Release-static-MSVCv141|x86.ActiveCfg = Release-static-MSVCv141|Win32
		{DE37DC5B-B3BF-477F-949D-5507786879FD}.Release-static-MSVCv141|x86.Build.0 = Release-static-MSVCv141|Win32
		{FBF8A579-135A-4F14-A095-F84C2259E0B6}.Debug|x64.ActiveCfg = Debug|x64
		{FBF8A579-135A-4F14-A095-F84C2259E0B6}.Debug|x64.Build.0 = Debug|x64
		{FBF8A579-135A-4F14-A095-F84C2259E0B6}.Debug|x86.ActiveCfg = Debug|Win32
		{FBF8A579-135A-4F14-A095-F84C2259E0B6}.Debug|x86.Build.0 = Debug|Win32
		{FBF8A579-135A-4F14-A095-F84C2259E0B6}.Debug-static|x64.ActiveCfg = Debug-static|x64
		{FBF8A579-135A-4F14-A095-F84C2259E0B6}.Debug-static|x64.Build.0 = Debug-static|x64
		{FBF8A579-135A-4F14-A095-F84C2259E0B6}.Debug-static|x86.ActiveCfg = Debug-static|Win32
		{FBF8A579-135A-4F14-A095-F84C2259E0B6}.Debug-static|x86.Build.0 = Debug-static|Win32
		{FBF8A579-135A-4F14-A095-F84C2259E0B6}.Realease-static|x64.ActiveCfg = Realease-static|x64
		{FBF8A579-135A-4F14-A095-F84C2259E0B6}.Realease-static|x64.Build.0 = Realease-static|x64
		{FBF8A579-135A-4F14-A095-F84C2259E0B6}.Realease-static|x86.ActiveCfg = Realease-static|Win32
		{FBF8A579-135A-4F14-A095-F84C2259E0B6}.Realease-static|x86.Build.0 = Realease-static|Win32
		{FBF8A579-135A-4F14-A095-F84C2259E0B6}.Release|x64.ActiveCfg = Release|x64
		{FBF8A579-135A-4F14-A095-F84C2259E0B6}.Release|x64.Build.0 = Release|x64
		{FBF8A579-135A-4F14-A095-F84C2259E0B6}.Release|x86.ActiveCfg = Release|Win32
		{FBF8A579-135A-4F14-A095-F84C2259E0B6}.Release|x86.Build.0 = Release|Win32
		{FBF8A579-135A-4F14-A095-F84C2259E0B6}.Release-MSVCv141|x64.ActiveCfg = Release-MSVCv141|x64
		{FBF8A579-135A-4F14-A095-F84C2259E0B6}.Release-MSVCv141|x64.Build.0 = Release-MSVCv141|x64
		{FBF8A579-135A-4F14-A095-F84C2259E0B6}.Release-MSVCv141|x86.ActiveCfg = Release-MSVCv141|Win32
		{FBF8A579-135A-4F14-A095-F84C2259E0B6}.Release-MSVCv141|x86.Build.0 = Release-MSVCv141|Win32
		{FBF8A579-135A-4F14-A095-F84C2259E0B6}.Release-static-MSVCv141|x64.ActiveCfg = Release-static-MSVCv141|x64
		{FBF8A579-135A-4F14-A095-F84C2259E0B6}.Release-static-MSVCv141|x64.Build.0 = Release-static-MSVCv141|x64
		{FBF8A579-135A-4F14-A095-F84C2259E0B6}.Release-static-MSVCv141|x86.ActiveCfg = Release-static-MSVCv141|Win32
		{FBF8A579-135A-4F14-A095-F84C2259E0B6}.Release-static-MSVCv141|x86.Build.0 = Release-static-MSVCv141|Win32
		{542C9BD0-02FA-44DC-A3DA-880ACA32CA4B}.Debug|x64.ActiveCfg = Debug|x64
		{542C9BD0-02FA-44DC-A3DA-880ACA32CA4B}.Debug|x64.Build.0 = Debug|x64
		{542C9BD0-02FA-44DC-A3DA-880ACA32CA4B}.Debug|x86.ActiveCfg = Debug|Win32
		{542C9BD0-02FA-44DC-A3DA-880ACA32CA4B}.Debug|x86.Build.0 = Debug|Win32
		{542C9BD0-02FA-44DC-A3DA-880ACA32CA4B}.Debug-static|x64.ActiveCfg = Debug-static|x64
		{542C9BD0-02FA-44DC-A3DA-880ACA32CA4B}.Debug-static|x64.Build.0 = Debug-static|x64
		{542C9BD0-02FA-44DC-A3DA-880ACA32CA4B}.Debug-static|x86.ActiveCfg = Debug-static|Win32
		{542C9BD0-02FA-44DC-A3DA-880ACA32CA4B}.Debug-static|x86.Build.0 = Debug-static|Win32
		{542C9BD0-02FA-44DC-A3DA-880ACA32CA4B}.Realease-static|x64.ActiveCfg = Realease-static|x64
		{542C9BD0-02FA-44DC-A3DA-880ACA32CA4B}.Realease-static|x64.Build.0 = Realease-static|x64
		{542C9BD0-02FA-44DC-A3DA-880ACA32CA4B}.Realease-static|x86.ActiveCfg = Realease-static|Win32
		{542C9BD0-02FA-44DC-A3DA-880ACA32CA4B}.Realease-static|x86.Build.0 = Realease-static|Win32
		{542C9BD0-02FA-44DC-A3DA-880ACA32CA4B}.Release|x64.ActiveCfg = Release|x64
		{542C9BD0-02FA-44DC-A3DA-880ACA32CA4B}.Release|x64.Build.0 = Release|x64
		{542C9BD0-02FA-44DC-A3DA-880ACA32CA4B}.Release|x86.ActiveCfg = Release|Win32
		{542C9BD0-02FA-44DC-A3DA-880ACA32CA4B}.Release|x86.Build.0 = Release|Win32
		{542C9BD0-02FA-44DC-A3DA-880ACA32CA4B}.Release-MSVCv141|x64.ActiveCfg = Release-MSVCv141|x64
		{542C9BD0-02FA-44DC-A3DA-880ACA32CA4B}.Release-MSVCv141|x64.Build.0 = Release-MSVCv141|x64
		{542C9BD0-02FA-44DC-A3DA-880ACA32CA4B}.Release-MSVCv141|x86.ActiveCfg = Release-MSVCv141|Win32
		{542C9BD0-02FA-44DC-A3DA-880ACA32CA4B}.Release-MSVCv141|x86.Build.0 = Release-MSVCv141|Win32
		{542C9BD0-02FA-44DC-A3DA-880ACA32CA4B}.Release-static-MSVCv141|x64.ActiveCfg = Release-static-MSVCv141|x64
		{542C9BD0-02FA-44DC-A3DA-880ACA32CA4B}.Release-static-MSVCv141|x64.Build.0 = Release-static-MSVCv141|x64
		{542C9BD0-02FA-44DC-A3DA-880ACA32CA4B}.Release-static-MSVCv141|x86.ActiveCfg = Release-static-MSVCv141|Win32
		{542C9BD0-02FA-44DC-A3DA-880ACA32CA4B}.Release-static-MSVCv141|x86.Build.0 = Release-static-MSVCv141|Win32
		{C63630B5-9B13-4A65-B1D8-E14B248E4522}.Debug|x64.ActiveCfg = Debug|x64
		{C63630B5-9B13-4A65-B1D8-E14B248E4522}.Debug|x64.Build.0 = Debug|x64
		{C63630B5-9B13-4A65-B1D8-E14B248E4522}.Debug|x86.ActiveCfg = Debug|Win32
		{C63630B5-9B13-4A65-B1D8-E14B248E4522}.Debug|x86.Build.0 = Debug|Win32
		{C63630B5-9B13-4A65-B1D8-E14B248E4522}.Debug-static|x64.ActiveCfg = Debug-static|x64
		{C63630B5-9B13-4A65-B1D8-E14B248E4522}.Debug-static|x64.Build.0 = Debug-static|x64
		{C63630B5-9B13-4A65-B1D8-E14B248E4522}.Debug-static|x86.ActiveCfg = Debug-static|Win32
		{C63630B5-9B13-4A65-B1D8-E14B248E4522}.Debug-static|x86.Build.0 = Debug-static|Win32
		{C63630B5-9B13-4A65-B1D8-E14B248E4522}.Realease-static|x64.ActiveCfg = Realease-static|x64
		{C63630B5-9B13-4A65-B1D8-E14B248E4522}.Realease-static|x64.Build.0 = Realease-static|x64
		{C63630B5-9B13-4A65-B1D8-E14B248E4522}.Realease-static|x86.ActiveCfg = Realease-static|Win32
		{C63630B5-9B13-4A65-B1D8-E14B248E4522}.Realease-static|x86.Build.0 = Realease-static|Win32
		{C63630B5-9B13-4A65-B1D8-E14B248E4522}.Release|x64.ActiveCfg = Release|x64
		{C63630B5-9B13-4A65-B1D8-E14B248E4522}.Release|x64.Build.0 = Release|x64
		{C63630B5-9B13-4A65-B1D8-E14B248E4522}.Release|x86.ActiveCfg = Release|Win32
		{C63630B5-9B13-4A65-B1D8-E14B248E4522}.Release|x86.Build.0 = Release|Win32
		{C63630B5-9B13-4A65-B1D8-E14B248E4522}.Release-MSVCv141|x64.ActiveCfg = Release-MSVCv141|x64
		{C63630B5-9B13-4A65-B1D8-E14B248E4522}.Release-MSVCv141|x64.Build.0 = Release-MSVCv141|x64
		{C63630B5-9B13-4A65-B1D8-E14B248E4522}.Release-MSVCv141|x86.ActiveCfg = Release-MSVCv141|Win32
		{C63630B5-9B13-4A65-B1D8-E14B248E4522}.Release-MSVCv141|x86.Build.0 = Release-MSVCv141|Win32
		{C63630B5-9B13-4A65-B1D8-E14B248E4522}.Release-static-MSVCv141|x64.ActiveCfg = Release-static-MSVCv141|x64
		{C63630B5-9B13-4A65-B1D8-E14B248E4522}.Release-static-MSVCv141|x64.Build.0 = Release-static-MSVCv141|x64
		{C63630B5-9B13-4A65-B1D8-E14B248E4522}.Release-static-MSVCv141|x86.ActiveCfg = Release-static-MSVCv141|Win32
		{C63630B5-9B13-4A65-B1D8-E14B248E4522}.Release-static-MSVCv141|x86.Build.0 = Release-static-MSVCv141|Win32
		{78109B7E-FE8B-49BD-BD52-6F0C9143A7A8}.Debug|x64.ActiveCfg = Debug|x64
		{78109B7E-FE8B-49BD-BD52-6F0C9143A7A8}.Debug|x64.Build.0 = Debug|x64
		{78109B7E-FE8B-49BD-BD52-6F0C9143A7A8}.Debug|x86.ActiveCfg = Debug|Win32
		{78109B7E-FE8B-49BD-BD52-6F0C9143A7A8}.Debug|x86.Build.0 = Debug|Win32
		{78109B7E-FE8B-49BD-BD52-6F0C9143A7A8}.Debug-static|x64.ActiveCfg = Debug-static|x64
		{78109B7E-FE8B-49BD-BD52-6F0C9143A7A8}.Debug-static|x64.Build.0 = Debug-static|x64
		{78109B7E-FE8B-49BD-BD52-6F0C9143A7A8}.Debug-static|x86.ActiveCfg = Debug-static|Win32
		{78109B7E-FE8B-49BD-BD52-6F0C9143A7A8}.Debug-static|x86.Build.0 = Debug-static|Win32
		{78109B7E-FE8B-49BD-BD52-6F0C9143A7A8}.Realease-static|x64.ActiveCfg = Realease-static|x64
		{78109B7E-FE8B-49BD-BD52-6F0C9143A7A8}.Realease-static|x64.Build.0 = Realease-static|x64
		{78109B7E-FE8B-49BD-BD52-6F0C9143A7A8}.Realease-static|x86.ActiveCfg = Realease-static|Win32
		{78109B7E-FE8B-49BD-BD52-6F0C9143A7A8}.Realease-static|x86.Build.0 = Realease-static|Win32
		{78109B7E-FE8B-49BD-BD52-6F0C9143A7A8}.Release|x64.ActiveCfg = Release|x64
		{78109B7E-FE8B-49BD-BD52-6F0C9143A7A8}.Release|x64.Build.0 = Release|x64
		{78109B7E-FE8B-49BD-BD52-6F0C9143A7A8}.Release|x86.ActiveCfg = Release|Win32
		{78109B7E-FE8B-49BD-BD52-6F0C9143A7A8}.Release|x86.Build.0 = Release|Win32
		{78109B7E-FE8B-49BD-BD52-6F0C9143A7A8}.Release-MSVCv141|x64.ActiveCfg = Release-MSVCv141|x64
		{78109B7E-FE8B-49BD-BD52-6F0C9143A7A8}.Release-MSVCv141|x64.Build.0 = Release-MSVCv141|x64
		{78109B7E-FE8B-49BD-BD52-6F0C9143A7A8}.Release-MSVCv141|x86.ActiveCfg = Release-MSVCv141|Win32
		{78109B7E-FE8B-49BD-BD52-6F0C9143A7A8}.Release-MSVCv141|x86.Build.0 = Release-MSVCv141|Win32
		{78109B7E-FE8B-49BD-BD52-6F0C9143A7A8}.Release-static-MSVCv141|x64.ActiveCfg = Release-static-MSVCv141|x64
		{78109B7E-FE8B-49BD-BD52-6F0C9143A7A8}.Release-static-MSVCv141|x64.Build.0 = Release-static-MSVCv141|x64
		{78109B7E-FE8B-49BD-BD52-6F0C9143A7A8}.Release-static-MSVCv141|x86.ActiveCfg = Release-static-MSVCv141|Win32
		{78109B7E-FE8B-49BD-BD52-6F0C9143A7A8}.Release-static-MSVCv141|x86.Build.0 = Release-static-MSVCv141|Win32
		{8C9DA575-1665-4E9C-A496-322E83C4D600}.Debug|x64.ActiveCfg = Debug|x64
		{8C9DA575-1665-4E9C-A496-322E83C4D600}.Debug|x64.Build.0 = Debug|x64
		{8C9DA575-1665-4E9C-A496-322E83C4D600}.Debug|x86.ActiveCfg = Debug|Win32
		{8C9DA575-1665-4E9C-A496-322E83C4D600}.Debug|x86.Build.0 = Debug|Win32
		{8C9DA575-1665-4E9C-A496-322E83C4D600}.Debug-static|x64.ActiveCfg = Debug-static|x64
		{8C9DA575-1665-4E9C-A496-322E83C4D600}.Debug-static|x64.Build.0 = Debug-static|x64
		{8C9DA575-1665-4E9C-A496-322E83C4D600}.Debug-static|x86.ActiveCfg = Debug-static|Win32
		{8C9DA575-1665-4E9C-A496-322E83C4D600}.Debug-static|x86.Build.0 = Debug-static|Win32
		{8C9DA575-1665-4E9C-A496-322E83C4D600}.Realease-static|x64.ActiveCfg = Realease-static|x64
		{8C9DA575-1665-4E9C-A496-322E83C4D600}.Realease-static|x64.Build.0 = Realease-static|x64
		{8C9DA575-1665-4E9C-A496-322E83C4D600}.Realease-static|x86.ActiveCfg = Realease-static|Win32
		{8C9DA575-1665-4E9C-A496-322E83C4D600}.Realease-static|x86.Build.0 = Realease-static|Win32
		{8C9DA575-1665-4E9C-A496-322E83C4D600}.Release|x64.ActiveCfg = Release|x64
		{8C9DA575-1665-4E9C-A496-322E83C4D600}.Release|x64.Build.0 = Release|x64
		{8C9DA575-1665-4E9C-A496-322E83C4D600}.Release|x86.ActiveCfg = Release|Win32
		{8C9DA575-1665-4E9C-A496-322E83C4D600}.Release|x86.Build.0 = Release|Win32
		{8C9DA575-1665-4E9C-A496-322E83C4D600}.Release-MSVCv141|x64.ActiveCfg = Release-MSVCv141|x64
		{8C9DA575-1665-4E9C-A496-322E83C4D600}.Release-MSVCv141|x64.Build.0 = Release-MSVCv141|x64
		{8C9DA575-1665-4E9C-A496-322E83C4D600}.Release-MSVCv141|x86.ActiveCfg = Release-MSVCv141|Win32
		{8C9DA575-1665-4E9C-A496-322E83C4D600}.Release-MSVCv141|x86.Build.0 = Release-MSVCv141|Win32
		{8C9DA575-1665-4E9C-A496-322E83C4D600}.Release-static-MSVCv141|x64.ActiveCfg = Release-static-MSVCv141|x64
		{8C9DA575-1665-4E9C-A496-322E83C4D600}.Release-static-MSVCv141|x64.Build.0 = Release-static-MSVCv141|x64
		{8C9DA575-1665-4E9C-A496-322E83C4D600}.Release-static-MSVCv141|x86.ActiveCfg = Release-static-MSVCv141|Win32
		{8C9DA575-1665-4E9C-A496-322E83C4D600}.Release-static-MSVCv141|x86.Build.0 = Release-static-MSVCv141|Win32
		{58220C18-1BD5-4FDA-B246-9B7C70FA574C}.Debug|x64.ActiveCfg = Debug|x64
		{58220C18-1BD5-4FDA-B246-9B7C70FA574C}.Debug|x64.Build.0 = Debug|x64
		{58220C18-1BD5-4FDA-B246-9B7C70FA574C}.Debug|x86.ActiveCfg = Debug|Win32
		{58220C18-1BD5-4FDA-B246-9B7C70FA574C}.Debug|x86.Build.0 = Debug|Win32
		{58220C18-1BD5-4FDA-B246-9B7C70FA574C}.Debug-static|x64.ActiveCfg = Debug-static|x64
		{58220C18-1BD5-4FDA-B246-9B7C70FA574C}.Debug-static|x64.Build.0 = Debug-static|x64
		{58220C18-1BD5-4FDA-B246-9B7C70FA574C}.Debug-static|x86.ActiveCfg = Debug-static|Win32
		{58220C18-1BD5-4FDA-B246-9B7C70FA574C}.Debug-static|x86.Build.0 = Debug-static|Win32
		{58220C18-1BD5-4FDA-B246-9B7C70FA574C}.Realease-static|x64.ActiveCfg = Realease-static|x64
		{58220C18-1BD5-4FDA-B246-9B7C70FA574C}.Realease-static|x64.Build.0 = Realease-static|x64
		{58220C18-1BD5-4FDA-B246-9B7C70FA574C}.Realease-static|x86.ActiveCfg = Realease-static|Win32
		{58220C18-1BD5-4FDA-B246-9B7C70FA574C}.Realease-static|x86.Build.0 = Realease-static|Win32
		{58220C18-1BD5-4FDA-B246-9B7C70FA574C}.Release|x64.ActiveCfg = Release|x64
		{58220C18-1BD5-4FDA-B246-9B7C70FA574C}.Release|x64.Build.0 = Release|x64
		{58220C18-1BD5-4FDA-B246-9B7C70FA574C}.Release|x86.ActiveCfg = Release|Win32
		{58220C18-1BD5-4FDA-B246-9B7C70FA574C}.Release|x86.Build.0 = Release|Win32
		{58220C18-1BD5-4FDA-B246-9B7C70FA574C}.Release-MSVCv141|x64.ActiveCfg = Release-MSVCv141|x64
		{58220C18-1BD5-4FDA-B246-9B7C70FA574C}.Release-MSVCv141|x64.Build.0 = Release-MSVCv141|x64
		{58220C18-1BD5-4FDA-B246-9B7C70FA574C}.Release-MSVCv141|x86.ActiveCfg = Release-MSVCv141|Win32
		{58220C18-1BD5-4FDA-B246-9B7C70FA574C}.Release-MSVCv141|x86.Build.0 = Release-MSVCv141|Win32
		{58220C18-1BD5-4FDA-B246-9B7C70FA574C}.Release-static-MSVCv141|x64.ActiveCfg = Release-static-MSVCv141|x64
		{58220C18-1BD5-4FDA-B246-9B7C70FA574C}.Release-static-MSVCv141|x64.Build.0 = Release-static-MSVCv141|x64
		{58220C18-1BD5-4FDA-B246-9B7C70FA574C}.Release-static-MSVCv141|x86.ActiveCfg = Release-static-MSVCv141|Win32
		{58220C18-1BD5-4FDA-B246-9B7C70FA574C}.Release-static-MSVCv141|x86.Build.0 = Release-static-MSVCv141|Win32
		{236BCE9E-92D3-402A-901D-79926B9C2C03}.Debug|x64.ActiveCfg = Debug|x64
		{236BCE9E-92D3-402A-901D-79926B9C2C03}.Debug|x64.Build.0 = Debug|x64
		{236BCE9E-92D3-402A-901D-79926B9C2C03}.Debug|x86.ActiveCfg = Debug|Win32
		{236BCE9E-92D3-402A-901D-79926B9C2C03}.Debug|x86.Build.0 = Debug|Win32
		{236BCE9E-92D3-402A-901D-79926B9C2C03}.Debug-static|x64.ActiveCfg = Debug-static|x64
		{236BCE9E-92D3-402A-901D-79926B9C2C03}.Debug-static|x64.Build.0 = Debug-static|x64
		{236BCE9E-92D3-402A-901D-79926B9C2C03}.Debug-static|x86.ActiveCfg = Debug-static|Win32
		{236BCE9E-92D3-402A-901D-79926B9C2C03}.Debug-static|x86.Build.0 = Debug-static|Win32
		{236BCE9E-92D3-402A-901D-79926B9C2C03}.Realease-static|x64.ActiveCfg = Realease-static|x64
		{236BCE9E-92D3-402A-901D-79926B9C2C03}.Realease-static|x64.Build.0 = Realease-static|x64
		{236BCE9E-92D3-402A-901D-79926B9C2C03}.Realease-static|x86.ActiveCfg = Realease-static|Win32
		{236BCE9E-92D3-402A-901D-79926B9C2C03}.Realease-static|x86.Build.0 = Realease-static|Win32
		{236BCE9E-92D3-402A-901D-79926B9C2C03}.Release|x64.ActiveCfg = Release|x64
		{236BCE9E-92D3-402A-901D-79926B9C2C03}.Release|x64.Build.0 = Release|x64
		{236BCE9E-92D3-402A-901D-79926B9C2C03}.Release|x86.ActiveCfg = Release|Win32
		{236BCE9E-92D3-402A-901D-79926B9C2C03}.Release|x86.Build.0 = Release|Win32
		{236BCE9E-92D3-402A-901D-79926B9C2C03}.Release-MSVCv141|x64.ActiveCfg = Release-MSVCv141|x64
		{236BCE9E-92D3-402A-901D-79926B9C2C03}.Release-MSVCv141|x64.Build.0 = Release-MSVCv141|x64
		{236BCE9E-92D3-402A-901D-79926B9C2C03}.Release-MSVCv141|x86.ActiveCfg = Release-MSVCv141|Win32
		{236BCE9E-92D3-402A-901D-79926B9C2C03}.Release-MSVCv141|x86.Build.0 = Release-MSVCv141|Win32
		{236BCE9E-92D3-402A-901D-79926B9C2C03}.Release-static-MSVCv141|x64.ActiveCfg = Release-static-MSVCv141|x64
		{236BCE9E-92D3-402A-901D-79926B9C2C03}.Release-static-MSVCv141|x64.Build.0 = Release-static-MSVCv141|x64
		{236BCE9E-92D3-402A-901D-79926B9C2C03}.Release-static-MSVCv141|x86.ActiveCfg = Release-static-MSVCv141|Win32
		{236BCE9E-92D3-402A-901D-79926B9C2C03}.Release-static-MSVCv141|x86.Build.0 = Release-static-MSVCv141|Win32
		{457D156A-6BC2-4337-9311-F08AD46B2D3A}.Debug|x64.ActiveCfg = Debug|x64
		{457D156A-6BC2-4337-9311-F08AD46B2D3A}.Debug|x64.Build.0 = Debug|x64
		{457D156A-6BC2-4337-9311-F08AD46B2D3A}.Debug|x86.ActiveCfg = Debug|Win32
		{457D156A-6BC2-4337-9311-F08AD46B2D3A}.Debug|x86.Build.0 = Debug|Win32
		{457D156A-6BC2-4337-9311-F08AD46B2D3A}.Debug-static|x64.ActiveCfg = Debug-static|x64
		{457D156A-6BC2-4337-9311-F08AD46B2D3A}.Debug-static|x64.Build.0 = Debug-static|x64
		{457D156A-6BC2-4337-9311-F08AD46B2D3A}.Debug-static|x86.ActiveCfg = Debug-static|Win32
		{457D156A-6BC2-4337-9311-F08AD46B2D3A}.Debug-static|x86.Build.0 = Debug-static|Win32
		{457D156A-6BC2-4337-9311-F08AD46B2D3A}.Realease-static|x64.ActiveCfg = Release|x64
		{457D156A-6BC2-4337-9311-F08AD46B2D3A}.Realease-static|x64.Build.0 = Release|x64
		{457D156A-6BC2-4337-9311-F08AD46B2D3A}.Realease-static|x86.ActiveCfg = Release|Win32
		{457D156A-6BC2-4337-9311-F08AD46B2D3A}.Realease-static|x86.Build.0 = Release|Win32
		{457D156A-6BC2-4337-9311-F08AD46B2D3A}.Release|x64.ActiveCfg = Release|x64
		{457D156A-6BC2-4337-9311-F08AD46B2D3A}.Release|x64.Build.0 = Release|x64
		{457D156A-6BC2-4337-9311-F08AD46B2D3A}.Release|x86.ActiveCfg = Release|Win32
		{457D156A-6BC2-4337-9311-F08AD46B2D3A}.Release|x86.Build.0 = Release|Win32
		{457D156A-6BC2-4337-9311-F08AD46B2D3A}.Release-MSVCv141|x64.ActiveCfg = Release|x64
		{457D156A-6BC2-4337-9311-F08AD46B2D3A}.Release-MSVCv141|x64.Build.0 = Release|x64
		{457D156A-6BC2-4337-9311-F08AD46B2D3A}.Release-MSVCv141|x86.ActiveCfg = Release|Win32
		{457D156A-6BC2-4337-9311-F08AD46B2D3A}.Release-MSVCv141|x86.Build.0 = Release|Win32
		{457D156A-6BC2-4337-9311-F08AD46B2D3A}.Release-static-MSVCv141|x64.ActiveCfg = Release-static-MSVCv141|x64
		{457D156A-6BC2-4337-9311-F08AD46B2D3A}.Release-static-MSVCv141|x64.Build.0 = Release-static-MSVCv141|x64
		{457D156A-6BC2-4337-9311-F08AD46B2D3A}.Release-static-MSVCv141|x86.ActiveCfg = Release-static-MSVCv141|Win32
		{457D156A-6BC2-4337-9311-F08AD46B2D3A}.Release-static-MSVCv141|x86.Build.0 = Release-static-MSVCv141|Win32
		{D01C529A-9338-43D1-8341-EFA031BF0D84}.Debug|x64.ActiveCfg = Debug|x64
		{D01C529A-9338-43D1-8341-EFA031BF0D84}.Debug|x64.Build.0 = Debug|x64
		{D01C529A-9338-43D1-8341-EFA031BF0D84}.Debug|x86.ActiveCfg = Debug|Win32
		{D01C529A-9338-43D1-8341-EFA031BF0D84}.Debug|x86.Build.0 = Debug|Win32
		{D01C529A-9338-43D1-8341-EFA031BF0D84}.Debug-static|x64.ActiveCfg = Debug-static|x64
		{D01C529A-9338-43D1-8341-EFA031BF0D84}.Debug-static|x64.Build.0 = Debug-static|x64
		{D01C529A-9338-43D1-8341-EFA031BF0D84}.Debug-static|x86.ActiveCfg = Debug-static|Win32
		{D01C529A-9338-43D1-8341-EFA031BF0D84}.Debug-static|x86.Build.0 = Debug-static|Win32
		{D01C529A-9338-43D1-8341-EFA031BF0D84}.Realease-static|x64.ActiveCfg = Realease-static|x64
		{D01C529A-9338-43D1-8341-EFA031BF0D84}.Realease-static|x64.Build.0 = Realease-static|x64
		{D01C529A-9338-43D1-8341-EFA031BF0D84}.Realease-static|x86.ActiveCfg = Realease-static|Win32
		{D01C529A-9338-43D1-8341-EFA031BF0D84}.Realease-static|x86.Build.0 = Realease-static|Win32
		{D01C529A-9338-43D1-8341-EFA031BF0D84}.Release|x64.ActiveCfg = Release|x64
		{D01C529A-9338-43D1-8341-EFA031BF0D84}.Release|x64.Build.0 = Release|x64
		{D01C529A-9338-43D1-8341-EFA031BF0D84}.Release|x86.ActiveCfg = Release|Win32
		{D01C529A-9338-43D1-8341-EFA031BF0D84}.Release|x86.Build.0 = Release|Win32
		{D01C529A-9338-43D1-8341-EFA031BF0D84}.Release-MSVCv141|x64.ActiveCfg = Release-MSVCv141|x64
		{D01C529A-9338-43D1-8341-EFA031BF0D84}.Release-MSVCv141|x64.Build.0 = Release-MSVCv141|x64
		{D01C529A-9338-43D1-8341-EFA031BF0D84}.Release-MSVCv141|x86.ActiveCfg = Release-MSVCv141|Win32
		{D01C529A-9338-43D1-8341-EFA031BF0D84}.Release-MSVCv141|x86.Build.0 = Release-MSVCv141|Win32
		{D01C529A-9338-43D1-8341-EFA031BF0D84}.Release-static-MSVCv141|x64.ActiveCfg = Release-static-MSVCv141|x64
		{D01C529A-9338-43D1-8341-EFA031BF0D84}.Release-static-MSVCv141|x64.Build.0 = Release-static-MSVCv141|x64
		{D01C529A-9338-43D1-8341-EFA031BF0D84}.Release-static-MSVCv141|x86.ActiveCfg = Release-static-MSVCv141|Win32
		{D01C529A-9338-43D1-8341-EFA031BF0D84}.Release-static-MSVCv141|x86.Build.0 = Release-static-MSVCv141|Win32
		{C4D15F5A-28C9-47C3-B8A1-28C8FFC9508B}.Debug|x64.ActiveCfg = Debug|x64
		{C4D15F5A-28C9-47C3-B8A1-28C8FFC9508B}.Debug|x64.Build.0 = Debug|x64
		{C4D15F5A-28C9-47C3-B8A1-28C8FFC9508B}.Debug|x86.ActiveCfg = Debug|Win32
		{C4D15F5A-28C9-47C3-B8A1-28C8FFC9508B}.Debug|x86.Build.0 = Debug|Win32
		{C4D15F5A-28C9-47C3-B8A1-28C8FFC9508B}.Debug-static|x64.ActiveCfg = Debug-static|x64
		{C4D15F5A-28C9-47C3-B8A1-28C8FFC9508B}.Debug-static|x64.Build.0 = Debug-static|x64
		{C4D15F5A-28C9-47C3-B8A1-28C8FFC9508B}.Debug-static|x86.ActiveCfg = Debug-static|Win32
		{C4D15F5A-28C9-47C3-B8A1-28C8FFC9508B}.Debug-static|x86.Build.0 = Debug-static|Win32
		{C4D15F5A-28C9-47C3-B8A1-28C8FFC9508B}.Realease-static|x64.ActiveCfg = Realease-static|x64
		{C4D15F5A-28C9-47C3-B8A1-28C8FFC9508B}.Realease-static|x64.Build.0 = Realease-static|x64
		{C4D15F5A-28C9-47C3-B8A1-28C8FFC9508B}.Realease-static|x86.ActiveCfg = Realease-static|Win32
		{C4D15F5A-28C9-47C3-B8A1-28C8FFC9508B}.Realease-static|x86.Build.0 = Realease-static|Win32
		{C4D15F5A-28C9-47C3-B8A1-28C8FFC9508B}.Release|x64.ActiveCfg = Release|x64
		{C4D15F5A-28C9-47C3-B8A1-28C8FFC9508B}.Release|x64.Build.0 = Release|x64
		{C4D15F5A-28C9-47C3-B8A1-28C8FFC9508B}.Release|x86.ActiveCfg = Release|Win32
		{C4D15F5A-28C9-47C3-B8A1-28C8FFC9508B}.Release|x86.Build.0 = Release|Win32
		{C4D15F5A-28C9-47C3-B8A1-28C8FFC9508B}.Release-MSVCv141|x64.ActiveCfg = Release-MSVCv141|x64
		{C4D15F5A-28C9-47C3-B8A1-28C8FFC9508B}.Release-MSVCv141|x64.Build.0 = Release-MSVCv141|x64
		{C4D15F5A-28C9-47C3-B8A1-28C8FFC9508B}.Release-MSVCv141|x86.ActiveCfg = Release-MSVCv141|Win32
		{C4D15F5A-28C9-47C3-B8A1-28C8FFC9508B}.Release-MSVCv141|x86.Build.0 = Release-MSVCv141|Win32
		{C4D15F5A-28C9-47C3-B8A1-28C8FFC9508B}.Release-static-MSVCv141|x64.ActiveCfg = Release-static-MSVCv141|x64
		{C4D15F5A-28C9-47C3-B8A1-28C8FFC9508B}.Release-static-MSVCv141|x64.Build.0 = Release-static-MSVCv141|x64
		{C4D15F5A-28C9-47C3-B8A1-28C8FFC9508B}.Release-static-MSVCv141|x86.ActiveCfg = Release-static-MSVCv141|Win32
		{C4D15F5A-28C9-47C3-B8A1-28C8FFC9508B}.Release-static-MSVCv141|x86.Build.0 = Release-static-MSVCv141|Win32
		{91312658-B48C-4A4E-9FA1-8CE7E8DB1D0F}.Debug|x64.ActiveCfg = Debug|x64
		{91312658-B48C-4A4E-9FA1-8CE7E8DB1D0F}.Debug|x64.Build.0 = Debug|x64
		{91312658-B48C-4A4E-9FA1-8CE7E8DB1D0F}.Debug|x86.ActiveCfg = Debug|Win32
		{91312658-B48C-4A4E-9FA1-8CE7E8DB1D0F}.Debug|x86.Build.0 = Debug|Win32
		{91312658-B48C-4A4E-9FA1-8CE7E8DB1D0F}.Debug-static|x64.ActiveCfg = Debug-static|x64
		{91312658-B48C-4A4E-9FA1-8CE7E8DB1D0F}.Debug-static|x64.Build.0 = Debug-static|x64
		{91312658-B48C-4A4E-9FA1-8CE7E8DB1D0F}.Debug-static|x86.ActiveCfg = Debug-static|Win32
		{91312658-B48C-4A4E-9FA1-8CE7E8DB1D0F}.Debug-static|x86.Build.0 = Debug-static|Win32
		{91312658-B48C-4A4E-9FA1-8CE7E8DB1D0F}.Realease-static|x64.ActiveCfg = Realease-static|x64
		{91312658-B48C-4A4E-9FA1-8CE7E8DB1D0F}.Realease-static|x64.Build.0 = Realease-static|x64
		{91312658-B48C-4A4E-9FA1-8CE7E8DB1D0F}.Realease-static|x86.ActiveCfg = Realease-static|Win32
		{91312658-B48C-4A4E-9FA1-8CE7E8DB1D0F}.Realease-static|x86.Build.0 = Realease-static|Win32
		{91312658-B48C-4A4E-9FA1-8CE7E8DB1D0F}.Release|x64.ActiveCfg = Release|x64
		{91312658-B48C-4A4E-9FA1-8CE7E8DB1D0F}.Release|x64.Build.0 = Release|x64
		{91312658-B48C-4A4E-9FA1-8CE7E8DB1D0F}.Release|x86.ActiveCfg = Release|Win32
		{91312658-B48C-4A4E-9FA1-8CE7E8DB1D0F}.Release|x86.Build.0 = Release|Win32
		{91312658-B48C-4A4E-9FA1-8CE7E8DB1D0F}.Release-MSVCv141|x64.ActiveCfg = Release-MSVCv141|x64
		{91312658-B48C-4A4E-9FA1-8CE7E8DB1D0F}.Release-MSVCv141|x64.Build.0 = Release-MSVCv141|x64
		{91312658-B48C-4A4E-9FA1-8CE7E8DB1D0F}.Release-MSVCv141|x86.ActiveCfg = Release-MSVCv141|Win32
		{91312658-B48C-4A4E-9FA1-8CE7E8DB1D0F}.Release-MSVCv141|x86.Build.0 = Release-MSVCv141|Win32
		{91312658-B48C-4A4E-9FA1-8CE7E8DB1D0F}.Release-static-MSVCv141|x64.ActiveCfg = Release-static-MSVCv141|x64
		{91312658-B48C-4A4E-9FA1-8CE7E8DB1D0F}.Release-static-MSVCv141|x64.Build.0 = Release-static-MSVCv141|x64
		{91312658-B48C-4A4E-9FA1-8CE7E8DB1D0F}.Release-static-MSVCv141|x86.ActiveCfg = Release-static-MSVCv141|Win32
		{91312658-B48C-4A4E-9FA1-8CE7E8DB1D0F}.Release-static-MSVCv141|x86.Build.0 = Release-static-MSVCv141|Win32
		{CA617575-D7B3-40CD-807B-A52FEF0F3C7B}.Debug|x64.ActiveCfg = Debug|x64
		{CA617575-D7B3-40CD-807B-A52FEF0F3C7B}.Debug|x64.Build.0 = Debug|x64
		{CA617575-D7B3-40CD-807B-A52FEF0F3C7B}.Debug|x86.ActiveCfg = Debug|Win32
		{CA617575-D7B3-40CD-807B-A52FEF0F3C7B}.Debug|x86.Build.0 = Debug|Win32
		{CA617575-D7B3-40CD-807B-A52FEF0F3C7B}.Debug-static|x64.ActiveCfg = Debug-static|x64
		{CA617575-D7B3-40CD-807B-A52FEF0F3C7B}.Debug-static|x64.Build.0 = Debug-static|x64
		{CA617575-D7B3-40CD-807B-A52FEF0F3C7B}.Debug-static|x86.ActiveCfg = Debug-static|Win32
		{CA617575-D7B3-40CD-807B-A52FEF0F3C7B}.Debug-static|x86.Build.0 = Debug-static|Win32
		{CA617575-D7B3-40CD-807B-A52FEF0F3C7B}.Realease-static|x64.ActiveCfg = Realease-static|x64
		{CA617575-D7B3-40CD-807B-A52FEF0F3C7B}.Realease-static|x64.Build.0 = Realease-static|x64
		{CA617575-D7B3-40CD-807B-A52FEF0F3C7B}.Realease-static|x86.ActiveCfg = Realease-static|Win32
		{CA617575-D7B3-40CD-807B-A52FEF0F3C7B}.Realease-static|x86.Build.0 = Realease-static|Win32
		{CA617575-D7B3-40CD-807B-A52FEF0F3C7B}.Release|x64.ActiveCfg = Release|x64
		{CA617575-D7B3-40CD-807B-A52FEF0F3C7B}.Release|x64.Build.0 = Release|x64
		{CA617575-D7B3-40CD-807B-A52FEF0F3C7B}.Release|x86.ActiveCfg = Release|Win32
		{CA617575-D7B3-40CD-807B-A52FEF0F3C7B}.Release|x86.Build.0 = Release|Win32
		{CA617575-D7B3-40CD-807B-A52FEF0F3C7B}.Release-MSVCv141|x64.ActiveCfg = Release-MSVCv141|x64
		{CA617575-D7B3-40CD-807B-A52FEF0F3C7B}.Release-MSVCv141|x64.Build.0 = Release-MSVCv141|x64
		{CA617575-D7B3-40CD-807B-A52FEF0F3C7B}.Release-MSVCv141|x86.ActiveCfg = Release-MSVCv141|Win32
		{CA617575-D7B3-40CD-807B-A52FEF0F3C7B}.Release-MSVCv141|x86.Build.0 = Release-MSVCv141|Win32
		{CA617575-D7B3-40CD-807B-A52FEF0F3C7B}.Release-static-MSVCv141|x64.ActiveCfg = Release-static-MSVCv141|x64
		{CA617575-D7B3-40CD-807B-A52FEF0F3C7B}.Release-static-MSVCv141|x64.Build.0 = Release-static-MSVCv141|x64
		{CA617575-D7B3-40CD-807B-A52FEF0F3C7B}.Release-static-MSVCv141|x86.ActiveCfg = Release-static-MSVCv141|Win32
		{CA617575-D7B3-40CD-807B-A52FEF0F3C7B}.Release-static-MSVCv141|x86.Build.0 = Release-static-MSVCv141|Win32
	EndGlobalSection
	GlobalSection(SolutionProperties) = preSolution
		HideSolutionNode = FALSE
	EndGlobalSection
	GlobalSection(ExtensibilityGlobals) = postSolution
		SolutionGuid = {7CF5419D-26E7-42CF-B45B-4E72BE13E170}
	EndGlobalSection
EndGlobal
